
Microsoft Visual Studio Solution File, Format Version 12.00
# Visual Studio 15
VisualStudioVersion = 15.0.27130.2010
MinimumVisualStudioVersion = 10.0.40219.1
Project("{888888A0-9F3D-457C-B088-3A5042F75D52}") = "VSExample", "VSExample\VSExample.pyproj", "{91D2606E-758D-4F16-9661-E96A48E34736}"
EndProject
Global
	GlobalSection(SolutionConfigurationPlatforms) = preSolution
		Debug|Any CPU = Debug|Any CPU
		Release|Any CPU = Release|Any CPU
	EndGlobalSection
	GlobalSection(ProjectConfigurationPlatforms) = postSolution
		{91D2606E-758D-4F16-9661-E96A48E34736}.Debug|Any CPU.ActiveCfg = Debug|Any CPU
		{91D2606E-758D-4F16-9661-E96A48E34736}.Release|Any CPU.ActiveCfg = Release|Any CPU
	EndGlobalSection
	GlobalSection(SolutionProperties) = preSolution
		HideSolutionNode = FALSE
	EndGlobalSection
	GlobalSection(ExtensibilityGlobals) = postSolution
		SolutionGuid = {72EE0B41-6C99-48D2-A2E6-3C45FD4D3E80}
	EndGlobalSection
EndGlobal
